
Microsoft Visual Studio Solution File, Format Version 11.00
# Visual Studio 2010
Project("{FAE04EC0-301F-11D3-BF4B-00C04F79EFBC}") = "UnitTests", "UnitTests\UnitTests.csproj", "{77150C23-4F17-440E-9B3C-AA42F14EC2EE}"
EndProject
Project("{2150E333-8FDC-42A3-9474-1A3956D46DE8}") = ".nuget", ".nuget", "{3BD25A8D-4309-46D7-B25A-D3DB67932A84}"
	ProjectSection(SolutionItems) = preProject
		.nuget\NuGet.Config = .nuget\NuGet.Config
		.nuget\NuGet.exe = .nuget\NuGet.exe
		.nuget\NuGet.targets = .nuget\NuGet.targets
	EndProjectSection
EndProject
Project("{FAE04EC0-301F-11D3-BF4B-00C04F79EFBC}") = "Chapter6", "Chapter6\Chapter6.csproj", "{F636F77A-3B11-45AD-9DA4-EA92FEA98AD4}"
EndProject
Project("{FAE04EC0-301F-11D3-BF4B-00C04F79EFBC}") = "Chapter7", "Chapter7\Chapter7.csproj", "{5DE8FB23-83AF-4013-B643-84C4532A1B34}"
EndProject
Project("{FAE04EC0-301F-11D3-BF4B-00C04F79EFBC}") = "Chapter10", "Chapter10\Chapter10.csproj", "{97988B30-EE32-4C43-AD0B-6A9F7AF1B665}"
EndProject
Project("{FAE04EC0-301F-11D3-BF4B-00C04F79EFBC}") = "Chapter8", "Chapter8\Chapter8.csproj", "{C11E9265-C265-4BF3-951E-88F2B80417CE}"
EndProject
Project("{FAE04EC0-301F-11D3-BF4B-00C04F79EFBC}") = "UnitTestDrilled", "UnitTestDrilled\UnitTestDrilled.csproj", "{36AB5923-873E-47D9-84EF-38D7257F4DC0}"
EndProject
Global
	GlobalSection(SolutionConfigurationPlatforms) = preSolution
		Debug|Any CPU = Debug|Any CPU
		Release|Any CPU = Release|Any CPU
	EndGlobalSection
	GlobalSection(ProjectConfigurationPlatforms) = postSolution
		{36AB5923-873E-47D9-84EF-38D7257F4DC0}.Debug|Any CPU.ActiveCfg = Debug|Any CPU
		{36AB5923-873E-47D9-84EF-38D7257F4DC0}.Debug|Any CPU.Build.0 = Debug|Any CPU
		{36AB5923-873E-47D9-84EF-38D7257F4DC0}.Release|Any CPU.ActiveCfg = Release|Any CPU
		{36AB5923-873E-47D9-84EF-38D7257F4DC0}.Release|Any CPU.Build.0 = Release|Any CPU
		{5DE8FB23-83AF-4013-B643-84C4532A1B34}.Debug|Any CPU.ActiveCfg = Debug|Any CPU
		{5DE8FB23-83AF-4013-B643-84C4532A1B34}.Debug|Any CPU.Build.0 = Debug|Any CPU
		{5DE8FB23-83AF-4013-B643-84C4532A1B34}.Release|Any CPU.ActiveCfg = Release|Any CPU
		{5DE8FB23-83AF-4013-B643-84C4532A1B34}.Release|Any CPU.Build.0 = Release|Any CPU
		{77150C23-4F17-440E-9B3C-AA42F14EC2EE}.Debug|Any CPU.ActiveCfg = Debug|Any CPU
		{77150C23-4F17-440E-9B3C-AA42F14EC2EE}.Debug|Any CPU.Build.0 = Debug|Any CPU
		{77150C23-4F17-440E-9B3C-AA42F14EC2EE}.Release|Any CPU.ActiveCfg = Release|Any CPU
		{77150C23-4F17-440E-9B3C-AA42F14EC2EE}.Release|Any CPU.Build.0 = Release|Any CPU
		{97988B30-EE32-4C43-AD0B-6A9F7AF1B665}.Debug|Any CPU.ActiveCfg = Debug|Any CPU
		{97988B30-EE32-4C43-AD0B-6A9F7AF1B665}.Debug|Any CPU.Build.0 = Debug|Any CPU
		{97988B30-EE32-4C43-AD0B-6A9F7AF1B665}.Release|Any CPU.ActiveCfg = Release|Any CPU
		{97988B30-EE32-4C43-AD0B-6A9F7AF1B665}.Release|Any CPU.Build.0 = Release|Any CPU
		{C11E9265-C265-4BF3-951E-88F2B80417CE}.Debug|Any CPU.ActiveCfg = Debug|Any CPU
		{C11E9265-C265-4BF3-951E-88F2B80417CE}.Debug|Any CPU.Build.0 = Debug|Any CPU
		{C11E9265-C265-4BF3-951E-88F2B80417CE}.Release|Any CPU.ActiveCfg = Release|Any CPU
		{C11E9265-C265-4BF3-951E-88F2B80417CE}.Release|Any CPU.Build.0 = Release|Any CPU
		{F636F77A-3B11-45AD-9DA4-EA92FEA98AD4}.Debug|Any CPU.ActiveCfg = Debug|Any CPU
		{F636F77A-3B11-45AD-9DA4-EA92FEA98AD4}.Debug|Any CPU.Build.0 = Debug|Any CPU
		{F636F77A-3B11-45AD-9DA4-EA92FEA98AD4}.Release|Any CPU.ActiveCfg = Release|Any CPU
		{F636F77A-3B11-45AD-9DA4-EA92FEA98AD4}.Release|Any CPU.Build.0 = Release|Any CPU
	EndGlobalSection
	GlobalSection(NestedProjects) = preSolution
	EndGlobalSection
	GlobalSection(MonoDevelopProperties) = preSolution
		StartupItem = Chapter6\Chapter6.csproj
		Policies = $0
		$0.DotNetNamingPolicy = $1
		$1.DirectoryNamespaceAssociation = PrefixedHierarchical
		$1.ResourceNamePolicy = FileFormatDefault
	EndGlobalSection
	GlobalSection(SolutionProperties) = preSolution
		HideSolutionNode = FALSE
	EndGlobalSection
EndGlobal
